
Microsoft Visual Studio Solution File, Format Version 12.00
# Visual Studio Version 17
VisualStudioVersion = 17.6.33723.286
MinimumVisualStudioVersion = 10.0.40219.1
Project("{FAE04EC0-301F-11D3-BF4B-00C04F79EFBC}") = "Practical-12", "Practical-12\Practical-12.csproj", "{638C67B2-C8E1-4B26-9A33-78661FD03797}"
EndProject
Global
	GlobalSection(SolutionConfigurationPlatforms) = preSolution
		Debug|Any CPU = Debug|Any CPU
		Release|Any CPU = Release|Any CPU
	EndGlobalSection
	GlobalSection(ProjectConfigurationPlatforms) = postSolution
		{638C67B2-C8E1-4B26-9A33-78661FD03797}.Debug|Any CPU.ActiveCfg = Debug|Any CPU
		{638C67B2-C8E1-4B26-9A33-78661FD03797}.Debug|Any CPU.Build.0 = Debug|Any CPU
		{638C67B2-C8E1-4B26-9A33-78661FD03797}.Release|Any CPU.ActiveCfg = Release|Any CPU
		{638C67B2-C8E1-4B26-9A33-78661FD03797}.Release|Any CPU.Build.0 = Release|Any CPU
	EndGlobalSection
	GlobalSection(SolutionProperties) = preSolution
		HideSolutionNode = FALSE
	EndGlobalSection
	GlobalSection(ExtensibilityGlobals) = postSolution
		SolutionGuid = {BC490D6B-47A5-43B5-AEB1-6A74ECE14663}
	EndGlobalSection
EndGlobal
