
Microsoft Visual Studio Solution File, Format Version 12.00
# Visual Studio Version 16
VisualStudioVersion = 16.0.33801.447
MinimumVisualStudioVersion = 10.0.40219.1
Project("{FAE04EC0-301F-11D3-BF4B-00C04F79EFBC}") = "Practical-14", "Practical-14\Practical-14.csproj", "{F2148716-04C6-4AD4-A745-3EBC54410DA8}"
EndProject
Global
	GlobalSection(SolutionConfigurationPlatforms) = preSolution
		Debug|Any CPU = Debug|Any CPU
		Release|Any CPU = Release|Any CPU
	EndGlobalSection
	GlobalSection(ProjectConfigurationPlatforms) = postSolution
		{F2148716-04C6-4AD4-A745-3EBC54410DA8}.Debug|Any CPU.ActiveCfg = Debug|Any CPU
		{F2148716-04C6-4AD4-A745-3EBC54410DA8}.Debug|Any CPU.Build.0 = Debug|Any CPU
		{F2148716-04C6-4AD4-A745-3EBC54410DA8}.Release|Any CPU.ActiveCfg = Release|Any CPU
		{F2148716-04C6-4AD4-A745-3EBC54410DA8}.Release|Any CPU.Build.0 = Release|Any CPU
	EndGlobalSection
	GlobalSection(SolutionProperties) = preSolution
		HideSolutionNode = FALSE
	EndGlobalSection
	GlobalSection(ExtensibilityGlobals) = postSolution
		SolutionGuid = {E2DDD35F-5CF0-4E67-BF28-DC1211A5BC66}
	EndGlobalSection
EndGlobal
